
Microsoft Visual Studio Solution File, Format Version 12.00
# Visual Studio Version 17
VisualStudioVersion = 17.4.32804.182
MinimumVisualStudioVersion = 10.0.40219.1
Project("{FAE04EC0-301F-11D3-BF4B-00C04F79EFBC}") = "FnBlobCopy", "..\FnBlobCopy\FnBlobCopy.csproj", "{BEE83AFC-D099-4494-883B-9A807AA6AA1A}"
EndProject
Project("{FAE04EC0-301F-11D3-BF4B-00C04F79EFBC}") = "FnProcessFiles", "..\FnProcessFiles\FnProcessFiles.csproj", "{9F67CE37-D168-4E5E-BE2D-C1B13E8F89F2}"
EndProject
Global
	GlobalSection(SolutionConfigurationPlatforms) = preSolution
		Debug|Any CPU = Debug|Any CPU
		Release|Any CPU = Release|Any CPU
	EndGlobalSection
	GlobalSection(ProjectConfigurationPlatforms) = postSolution
		{BEE83AFC-D099-4494-883B-9A807AA6AA1A}.Debug|Any CPU.ActiveCfg = Debug|Any CPU
		{BEE83AFC-D099-4494-883B-9A807AA6AA1A}.Debug|Any CPU.Build.0 = Debug|Any CPU
		{BEE83AFC-D099-4494-883B-9A807AA6AA1A}.Release|Any CPU.ActiveCfg = Release|Any CPU
		{BEE83AFC-D099-4494-883B-9A807AA6AA1A}.Release|Any CPU.Build.0 = Release|Any CPU
		{9F67CE37-D168-4E5E-BE2D-C1B13E8F89F2}.Debug|Any CPU.ActiveCfg = Debug|Any CPU
		{9F67CE37-D168-4E5E-BE2D-C1B13E8F89F2}.Debug|Any CPU.Build.0 = Debug|Any CPU
		{9F67CE37-D168-4E5E-BE2D-C1B13E8F89F2}.Release|Any CPU.ActiveCfg = Release|Any CPU
		{9F67CE37-D168-4E5E-BE2D-C1B13E8F89F2}.Release|Any CPU.Build.0 = Release|Any CPU
	EndGlobalSection
	GlobalSection(SolutionProperties) = preSolution
		HideSolutionNode = FALSE
	EndGlobalSection
	GlobalSection(ExtensibilityGlobals) = postSolution
		SolutionGuid = {667FB280-E85E-46FB-9D1C-89256CC61209}
	EndGlobalSection
EndGlobal
